
Microsoft Visual Studio Solution File, Format Version 12.00
# Visual Studio Version 17
VisualStudioVersion = 17.14.36518.9 d17.14
MinimumVisualStudioVersion = 10.0.40219.1
Project("{FAE04EC0-301F-11D3-BF4B-00C04F79EFBC}") = "YemekTarifleri", "YemekTarifleri\YemekTarifleri.csproj", "{FE5A45E6-8D91-4ADA-A549-22E31160015A}"
EndProject
Global
	GlobalSection(SolutionConfigurationPlatforms) = preSolution
		Debug|Any CPU = Debug|Any CPU
		Release|Any CPU = Release|Any CPU
	EndGlobalSection
	GlobalSection(ProjectConfigurationPlatforms) = postSolution
		{FE5A45E6-8D91-4ADA-A549-22E31160015A}.Debug|Any CPU.ActiveCfg = Debug|Any CPU
		{FE5A45E6-8D91-4ADA-A549-22E31160015A}.Debug|Any CPU.Build.0 = Debug|Any CPU
		{FE5A45E6-8D91-4ADA-A549-22E31160015A}.Release|Any CPU.ActiveCfg = Release|Any CPU
		{FE5A45E6-8D91-4ADA-A549-22E31160015A}.Release|Any CPU.Build.0 = Release|Any CPU
	EndGlobalSection
	GlobalSection(SolutionProperties) = preSolution
		HideSolutionNode = FALSE
	EndGlobalSection
	GlobalSection(ExtensibilityGlobals) = postSolution
		SolutionGuid = {80078078-EB18-4B82-8DA5-28FC70672A36}
	EndGlobalSection
EndGlobal
